# THIS IS AN AUTOGENERATED FILE. DO NOT EDIT THIS FILE DIRECTLY.
# yarn lockfile v1


fontawesome@^5.6.3:
  version "5.6.3"
  resolved "https://registry.yarnpkg.com/fontawesome/-/fontawesome-5.6.3.tgz#73f0b865fa2b0b384e69d531c05a02c643b72f95"
  integrity sha512-FCc+CawwsJWWprVEg9X14yI7zI+l9YVAyhzgu70qwGeDn0tLLDH/dVfqgij72g4BBGgLGfK2qnvFGAmYUkhaWg==

mdbootstrap@^4.7.4:
  version "4.7.4"
  resolved "https://registry.yarnpkg.com/mdbootstrap/-/mdbootstrap-4.7.4.tgz#d6b9c062bcdbf941197f4cdbde847ff2ec02b2af"
  integrity sha512-LYq6lLhj9n6F2iH/KKYxs7L3mGxy35AWQDsMa9UCZdNxBEjhF5MUaT+kKdIYHZNXxzBODxu0Psfx1nqUWBr2CQ==
