
Microsoft Visual Studio Solution File, Format Version 12.00
# Visual Studio 15
VisualStudioVersion = 15.0.28307.329
MinimumVisualStudioVersion = 10.0.40219.1
Project("{FAE04EC0-301F-11D3-BF4B-00C04F79EFBC}") = "WebApplication3", "WebApplication3\WebApplication3.csproj", "{9CA84AC5-5C84-40D3-993A-6DA41407F042}"
EndProject
Global
	GlobalSection(SolutionConfigurationPlatforms) = preSolution
		Debug|Any CPU = Debug|Any CPU
		Release|Any CPU = Release|Any CPU
	EndGlobalSection
	GlobalSection(ProjectConfigurationPlatforms) = postSolution
		{9CA84AC5-5C84-40D3-993A-6DA41407F042}.Debug|Any CPU.ActiveCfg = Debug|Any CPU
		{9CA84AC5-5C84-40D3-993A-6DA41407F042}.Debug|Any CPU.Build.0 = Debug|Any CPU
		{9CA84AC5-5C84-40D3-993A-6DA41407F042}.Release|Any CPU.ActiveCfg = Release|Any CPU
		{9CA84AC5-5C84-40D3-993A-6DA41407F042}.Release|Any CPU.Build.0 = Release|Any CPU
	EndGlobalSection
	GlobalSection(SolutionProperties) = preSolution
		HideSolutionNode = FALSE
	EndGlobalSection
	GlobalSection(ExtensibilityGlobals) = postSolution
		SolutionGuid = {4ABE8410-C2C9-4FC5-B0BE-C9085FEA40A4}
	EndGlobalSection
EndGlobal
